
Microsoft Visual Studio Solution File, Format Version 12.00
# Visual Studio Version 17
VisualStudioVersion = 17.6.33815.320
MinimumVisualStudioVersion = 10.0.40219.1
Project("{FAE04EC0-301F-11D3-BF4B-00C04F79EFBC}") = "NogometniSusret", "NogometniSusret.csproj", "{242C3A2E-E4C6-4ABB-BE76-999EE32F5846}"
EndProject
Global
	GlobalSection(SolutionConfigurationPlatforms) = preSolution
		Debug|Any CPU = Debug|Any CPU
		Release|Any CPU = Release|Any CPU
	EndGlobalSection
	GlobalSection(ProjectConfigurationPlatforms) = postSolution
		{242C3A2E-E4C6-4ABB-BE76-999EE32F5846}.Debug|Any CPU.ActiveCfg = Debug|Any CPU
		{242C3A2E-E4C6-4ABB-BE76-999EE32F5846}.Debug|Any CPU.Build.0 = Debug|Any CPU
		{242C3A2E-E4C6-4ABB-BE76-999EE32F5846}.Release|Any CPU.ActiveCfg = Release|Any CPU
		{242C3A2E-E4C6-4ABB-BE76-999EE32F5846}.Release|Any CPU.Build.0 = Release|Any CPU
	EndGlobalSection
	GlobalSection(SolutionProperties) = preSolution
		HideSolutionNode = FALSE
	EndGlobalSection
	GlobalSection(ExtensibilityGlobals) = postSolution
		SolutionGuid = {21967948-8331-4B84-B58A-06BFAF255FB0}
	EndGlobalSection
EndGlobal
